
Microsoft Visual Studio Solution File, Format Version 12.00
# Visual Studio Version 17
VisualStudioVersion = 17.6.33829.357
MinimumVisualStudioVersion = 10.0.40219.1
Project("{FAE04EC0-301F-11D3-BF4B-00C04F79EFBC}") = "MeuPrimeiroCrud", "MeuPrimeiroCrud\MeuPrimeiroCrud.csproj", "{4D969DBC-078B-4869-B9CB-013AA42D9CAB}"
EndProject
Global
	GlobalSection(SolutionConfigurationPlatforms) = preSolution
		Debug|Any CPU = Debug|Any CPU
		Release|Any CPU = Release|Any CPU
	EndGlobalSection
	GlobalSection(ProjectConfigurationPlatforms) = postSolution
		{4D969DBC-078B-4869-B9CB-013AA42D9CAB}.Debug|Any CPU.ActiveCfg = Debug|Any CPU
		{4D969DBC-078B-4869-B9CB-013AA42D9CAB}.Debug|Any CPU.Build.0 = Debug|Any CPU
		{4D969DBC-078B-4869-B9CB-013AA42D9CAB}.Release|Any CPU.ActiveCfg = Release|Any CPU
		{4D969DBC-078B-4869-B9CB-013AA42D9CAB}.Release|Any CPU.Build.0 = Release|Any CPU
	EndGlobalSection
	GlobalSection(SolutionProperties) = preSolution
		HideSolutionNode = FALSE
	EndGlobalSection
	GlobalSection(ExtensibilityGlobals) = postSolution
		SolutionGuid = {A6A8396D-F3F8-4CE9-B409-FCB40E064A6F}
	EndGlobalSection
EndGlobal
